
Microsoft Visual Studio Solution File, Format Version 12.00
# Visual Studio Version 17
VisualStudioVersion = 17.4.33403.182
MinimumVisualStudioVersion = 10.0.40219.1
Project("{2150E333-8FDC-42A3-9474-1A3956D46DE8}") = "Domain", "Domain", "{B96E184D-2EB3-4DCD-814D-9CC6F8F6DEC3}"
EndProject
Project("{2150E333-8FDC-42A3-9474-1A3956D46DE8}") = "WebApi", "WebApi", "{F82B261B-2A80-4F82-BD74-966FBC0938E5}"
EndProject
Project("{2150E333-8FDC-42A3-9474-1A3956D46DE8}") = "Repositories", "Repositories", "{FF60790E-749C-4C47-8B2A-1A576508F722}"
EndProject
Project("{2150E333-8FDC-42A3-9474-1A3956D46DE8}") = "Infra", "Infra", "{8B9A5BE6-D601-4377-877E-520AD0985AB5}"
EndProject
Project("{2150E333-8FDC-42A3-9474-1A3956D46DE8}") = "UI", "UI", "{B1E94220-9242-4A5E-BBD3-834F501DCB99}"
EndProject
Project("{9A19103F-16F7-4668-BE54-9A1E7A4F7556}") = "ShowCaseAPI.Domain", "ShowCaseAPI.Domain\ShowCaseAPI.Domain.csproj", "{55EA87CA-6EEE-4279-A395-88AA42ABBACD}"
EndProject
Project("{2150E333-8FDC-42A3-9474-1A3956D46DE8}") = "CrossCutting", "CrossCutting", "{30DE2FE9-76B0-485F-A8E5-8493EC72DC6D}"
EndProject
Project("{2150E333-8FDC-42A3-9474-1A3956D46DE8}") = "Identity", "Identity", "{3BBCCC31-51C2-4BA8-B8D4-456125DEEBDE}"
EndProject
Project("{9A19103F-16F7-4668-BE54-9A1E7A4F7556}") = "ShowCaseAPI.Identity", "ShowCaseAPI.Identity\ShowCaseAPI.Identity.csproj", "{7E2785D6-7722-445D-9F7B-5AFBD7C7D5B0}"
EndProject
Project("{9A19103F-16F7-4668-BE54-9A1E7A4F7556}") = "ShowCaseAPI.WebApi", "ShowCaseAPI.WebApi\ShowCaseAPI.WebApi.csproj", "{67CD238A-647E-4462-88F8-352678CA3CEA}"
EndProject
Project("{9A19103F-16F7-4668-BE54-9A1E7A4F7556}") = "ShowCaseAPI.Repositories", "ShowCaseAPI.Repositories\ShowCaseAPI.Repositories.csproj", "{EA399227-950B-4B59-B8AA-DF731B1EFA75}"
EndProject
Project("{2150E333-8FDC-42A3-9474-1A3956D46DE8}") = "IoC", "IoC", "{DA0F4489-96DA-4673-884B-411DC86AB6C8}"
EndProject
Project("{FAE04EC0-301F-11D3-BF4B-00C04F79EFBC}") = "ShowCaseAPI.IoC", "ShowCaseAPI.IoC\ShowCaseAPI.IoC.csproj", "{70B38C0A-235A-4F27-888D-8F02662081BF}"
EndProject
Global
	GlobalSection(SolutionConfigurationPlatforms) = preSolution
		Debug|Any CPU = Debug|Any CPU
		Release|Any CPU = Release|Any CPU
	EndGlobalSection
	GlobalSection(ProjectConfigurationPlatforms) = postSolution
		{55EA87CA-6EEE-4279-A395-88AA42ABBACD}.Debug|Any CPU.ActiveCfg = Debug|Any CPU
		{55EA87CA-6EEE-4279-A395-88AA42ABBACD}.Debug|Any CPU.Build.0 = Debug|Any CPU
		{55EA87CA-6EEE-4279-A395-88AA42ABBACD}.Release|Any CPU.ActiveCfg = Release|Any CPU
		{55EA87CA-6EEE-4279-A395-88AA42ABBACD}.Release|Any CPU.Build.0 = Release|Any CPU
		{7E2785D6-7722-445D-9F7B-5AFBD7C7D5B0}.Debug|Any CPU.ActiveCfg = Debug|Any CPU
		{7E2785D6-7722-445D-9F7B-5AFBD7C7D5B0}.Debug|Any CPU.Build.0 = Debug|Any CPU
		{7E2785D6-7722-445D-9F7B-5AFBD7C7D5B0}.Release|Any CPU.ActiveCfg = Release|Any CPU
		{7E2785D6-7722-445D-9F7B-5AFBD7C7D5B0}.Release|Any CPU.Build.0 = Release|Any CPU
		{67CD238A-647E-4462-88F8-352678CA3CEA}.Debug|Any CPU.ActiveCfg = Debug|Any CPU
		{67CD238A-647E-4462-88F8-352678CA3CEA}.Debug|Any CPU.Build.0 = Debug|Any CPU
		{67CD238A-647E-4462-88F8-352678CA3CEA}.Release|Any CPU.ActiveCfg = Release|Any CPU
		{67CD238A-647E-4462-88F8-352678CA3CEA}.Release|Any CPU.Build.0 = Release|Any CPU
		{EA399227-950B-4B59-B8AA-DF731B1EFA75}.Debug|Any CPU.ActiveCfg = Debug|Any CPU
		{EA399227-950B-4B59-B8AA-DF731B1EFA75}.Debug|Any CPU.Build.0 = Debug|Any CPU
		{EA399227-950B-4B59-B8AA-DF731B1EFA75}.Release|Any CPU.ActiveCfg = Release|Any CPU
		{EA399227-950B-4B59-B8AA-DF731B1EFA75}.Release|Any CPU.Build.0 = Release|Any CPU
		{70B38C0A-235A-4F27-888D-8F02662081BF}.Debug|Any CPU.ActiveCfg = Debug|Any CPU
		{70B38C0A-235A-4F27-888D-8F02662081BF}.Debug|Any CPU.Build.0 = Debug|Any CPU
		{70B38C0A-235A-4F27-888D-8F02662081BF}.Release|Any CPU.ActiveCfg = Release|Any CPU
		{70B38C0A-235A-4F27-888D-8F02662081BF}.Release|Any CPU.Build.0 = Release|Any CPU
	EndGlobalSection
	GlobalSection(SolutionProperties) = preSolution
		HideSolutionNode = FALSE
	EndGlobalSection
	GlobalSection(NestedProjects) = preSolution
		{55EA87CA-6EEE-4279-A395-88AA42ABBACD} = {B96E184D-2EB3-4DCD-814D-9CC6F8F6DEC3}
		{30DE2FE9-76B0-485F-A8E5-8493EC72DC6D} = {8B9A5BE6-D601-4377-877E-520AD0985AB5}
		{3BBCCC31-51C2-4BA8-B8D4-456125DEEBDE} = {30DE2FE9-76B0-485F-A8E5-8493EC72DC6D}
		{7E2785D6-7722-445D-9F7B-5AFBD7C7D5B0} = {3BBCCC31-51C2-4BA8-B8D4-456125DEEBDE}
		{67CD238A-647E-4462-88F8-352678CA3CEA} = {F82B261B-2A80-4F82-BD74-966FBC0938E5}
		{EA399227-950B-4B59-B8AA-DF731B1EFA75} = {FF60790E-749C-4C47-8B2A-1A576508F722}
		{DA0F4489-96DA-4673-884B-411DC86AB6C8} = {8B9A5BE6-D601-4377-877E-520AD0985AB5}
		{70B38C0A-235A-4F27-888D-8F02662081BF} = {DA0F4489-96DA-4673-884B-411DC86AB6C8}
	EndGlobalSection
	GlobalSection(ExtensibilityGlobals) = postSolution
		SolutionGuid = {5B035C12-692F-449C-8D95-726675F416FB}
	EndGlobalSection
EndGlobal
